
Microsoft Visual Studio Solution File, Format Version 11.00
# Visual Studio 2010
Project("{FAE04EC0-301F-11D3-BF4B-00C04F79EFBC}") = "BetaArcadeGitRepositiory", "Assembly-CSharp-firstpass.csproj", "{12398D98-D36C-3385-4EAA-C9518AA070F8}"
EndProject
Project("{FAE04EC0-301F-11D3-BF4B-00C04F79EFBC}") = "BetaArcadeGitRepositiory", "Assembly-CSharp.csproj", "{6486CF88-5961-8095-3819-9D3D30C8F582}"
EndProject
Project("{FAE04EC0-301F-11D3-BF4B-00C04F79EFBC}") = "BetaArcadeGitRepositiory", "Assembly-CSharp-Editor.csproj", "{A71B0C65-7A15-DDC9-67D1-6DA2701FAD5E}"
EndProject
Global
	GlobalSection(SolutionConfigurationPlatforms) = preSolution
		Debug|Any CPU = Debug|Any CPU
		Release|Any CPU = Release|Any CPU
	EndGlobalSection
	GlobalSection(ProjectConfigurationPlatforms) = postSolution
		{12398D98-D36C-3385-4EAA-C9518AA070F8}.Debug|Any CPU.ActiveCfg = Debug|Any CPU
		{12398D98-D36C-3385-4EAA-C9518AA070F8}.Debug|Any CPU.Build.0 = Debug|Any CPU
		{12398D98-D36C-3385-4EAA-C9518AA070F8}.Release|Any CPU.ActiveCfg = Release|Any CPU
		{12398D98-D36C-3385-4EAA-C9518AA070F8}.Release|Any CPU.Build.0 = Release|Any CPU
		{6486CF88-5961-8095-3819-9D3D30C8F582}.Debug|Any CPU.ActiveCfg = Debug|Any CPU
		{6486CF88-5961-8095-3819-9D3D30C8F582}.Debug|Any CPU.Build.0 = Debug|Any CPU
		{6486CF88-5961-8095-3819-9D3D30C8F582}.Release|Any CPU.ActiveCfg = Release|Any CPU
		{6486CF88-5961-8095-3819-9D3D30C8F582}.Release|Any CPU.Build.0 = Release|Any CPU
		{A71B0C65-7A15-DDC9-67D1-6DA2701FAD5E}.Debug|Any CPU.ActiveCfg = Debug|Any CPU
		{A71B0C65-7A15-DDC9-67D1-6DA2701FAD5E}.Debug|Any CPU.Build.0 = Debug|Any CPU
		{A71B0C65-7A15-DDC9-67D1-6DA2701FAD5E}.Release|Any CPU.ActiveCfg = Release|Any CPU
		{A71B0C65-7A15-DDC9-67D1-6DA2701FAD5E}.Release|Any CPU.Build.0 = Release|Any CPU
	EndGlobalSection
	GlobalSection(SolutionProperties) = preSolution
		HideSolutionNode = FALSE
	EndGlobalSection
	GlobalSection(MonoDevelopProperties) = preSolution
		StartupItem = Assembly-CSharp.csproj
	EndGlobalSection
EndGlobal
